
Microsoft Visual Studio Solution File, Format Version 12.00
# Visual Studio Version 17
VisualStudioVersion = 17.4.33103.184
MinimumVisualStudioVersion = 10.0.40219.1
Project("{8BC9CEB8-8B4A-11D0-8D11-00A0C91BC942}") = "3-1", "3-1\3-1.vcxproj", "{479D58E2-9F85-4F3D-A130-D12AF0A314B8}"
EndProject
Project("{8BC9CEB8-8B4A-11D0-8D11-00A0C91BC942}") = "3-2", "3-2\3-2.vcxproj", "{8890C733-74A2-4E9D-8A47-79823AD156B2}"
EndProject
Project("{8BC9CEB8-8B4A-11D0-8D11-00A0C91BC942}") = "3-2(2)", "3-2(2)\3-2(2).vcxproj", "{1CC418C8-D409-4CC1-9081-2E4F82D52C16}"
EndProject
Project("{8BC9CEB8-8B4A-11D0-8D11-00A0C91BC942}") = "3-3", "3-3\3-3.vcxproj", "{7913A801-7DC7-41BD-9616-F737A6ED5D0E}"
EndProject
Project("{8BC9CEB8-8B4A-11D0-8D11-00A0C91BC942}") = "3-4", "3-4\3-4.vcxproj", "{E9F7C485-78EE-424C-9BE1-8A7FF40E9CEA}"
EndProject
Global
	GlobalSection(SolutionConfigurationPlatforms) = preSolution
		Debug|x64 = Debug|x64
		Debug|x86 = Debug|x86
		Release|x64 = Release|x64
		Release|x86 = Release|x86
	EndGlobalSection
	GlobalSection(ProjectConfigurationPlatforms) = postSolution
		{479D58E2-9F85-4F3D-A130-D12AF0A314B8}.Debug|x64.ActiveCfg = Debug|x64
		{479D58E2-9F85-4F3D-A130-D12AF0A314B8}.Debug|x64.Build.0 = Debug|x64
		{479D58E2-9F85-4F3D-A130-D12AF0A314B8}.Debug|x86.ActiveCfg = Debug|Win32
		{479D58E2-9F85-4F3D-A130-D12AF0A314B8}.Debug|x86.Build.0 = Debug|Win32
		{479D58E2-9F85-4F3D-A130-D12AF0A314B8}.Release|x64.ActiveCfg = Release|x64
		{479D58E2-9F85-4F3D-A130-D12AF0A314B8}.Release|x64.Build.0 = Release|x64
		{479D58E2-9F85-4F3D-A130-D12AF0A314B8}.Release|x86.ActiveCfg = Release|Win32
		{479D58E2-9F85-4F3D-A130-D12AF0A314B8}.Release|x86.Build.0 = Release|Win32
		{8890C733-74A2-4E9D-8A47-79823AD156B2}.Debug|x64.ActiveCfg = Debug|x64
		{8890C733-74A2-4E9D-8A47-79823AD156B2}.Debug|x64.Build.0 = Debug|x64
		{8890C733-74A2-4E9D-8A47-79823AD156B2}.Debug|x86.ActiveCfg = Debug|Win32
		{8890C733-74A2-4E9D-8A47-79823AD156B2}.Debug|x86.Build.0 = Debug|Win32
		{8890C733-74A2-4E9D-8A47-79823AD156B2}.Release|x64.ActiveCfg = Release|x64
		{8890C733-74A2-4E9D-8A47-79823AD156B2}.Release|x64.Build.0 = Release|x64
		{8890C733-74A2-4E9D-8A47-79823AD156B2}.Release|x86.ActiveCfg = Release|Win32
		{8890C733-74A2-4E9D-8A47-79823AD156B2}.Release|x86.Build.0 = Release|Win32
		{1CC418C8-D409-4CC1-9081-2E4F82D52C16}.Debug|x64.ActiveCfg = Debug|x64
		{1CC418C8-D409-4CC1-9081-2E4F82D52C16}.Debug|x64.Build.0 = Debug|x64
		{1CC418C8-D409-4CC1-9081-2E4F82D52C16}.Debug|x86.ActiveCfg = Debug|Win32
		{1CC418C8-D409-4CC1-9081-2E4F82D52C16}.Debug|x86.Build.0 = Debug|Win32
		{1CC418C8-D409-4CC1-9081-2E4F82D52C16}.Release|x64.ActiveCfg = Release|x64
		{1CC418C8-D409-4CC1-9081-2E4F82D52C16}.Release|x64.Build.0 = Release|x64
		{1CC418C8-D409-4CC1-9081-2E4F82D52C16}.Release|x86.ActiveCfg = Release|Win32
		{1CC418C8-D409-4CC1-9081-2E4F82D52C16}.Release|x86.Build.0 = Release|Win32
		{7913A801-7DC7-41BD-9616-F737A6ED5D0E}.Debug|x64.ActiveCfg = Debug|x64
		{7913A801-7DC7-41BD-9616-F737A6ED5D0E}.Debug|x64.Build.0 = Debug|x64
		{7913A801-7DC7-41BD-9616-F737A6ED5D0E}.Debug|x86.ActiveCfg = Debug|Win32
		{7913A801-7DC7-41BD-9616-F737A6ED5D0E}.Debug|x86.Build.0 = Debug|Win32
		{7913A801-7DC7-41BD-9616-F737A6ED5D0E}.Release|x64.ActiveCfg = Release|x64
		{7913A801-7DC7-41BD-9616-F737A6ED5D0E}.Release|x64.Build.0 = Release|x64
		{7913A801-7DC7-41BD-9616-F737A6ED5D0E}.Release|x86.ActiveCfg = Release|Win32
		{7913A801-7DC7-41BD-9616-F737A6ED5D0E}.Release|x86.Build.0 = Release|Win32
		{E9F7C485-78EE-424C-9BE1-8A7FF40E9CEA}.Debug|x64.ActiveCfg = Debug|x64
		{E9F7C485-78EE-424C-9BE1-8A7FF40E9CEA}.Debug|x64.Build.0 = Debug|x64
		{E9F7C485-78EE-424C-9BE1-8A7FF40E9CEA}.Debug|x86.ActiveCfg = Debug|Win32
		{E9F7C485-78EE-424C-9BE1-8A7FF40E9CEA}.Debug|x86.Build.0 = Debug|Win32
		{E9F7C485-78EE-424C-9BE1-8A7FF40E9CEA}.Release|x64.ActiveCfg = Release|x64
		{E9F7C485-78EE-424C-9BE1-8A7FF40E9CEA}.Release|x64.Build.0 = Release|x64
		{E9F7C485-78EE-424C-9BE1-8A7FF40E9CEA}.Release|x86.ActiveCfg = Release|Win32
		{E9F7C485-78EE-424C-9BE1-8A7FF40E9CEA}.Release|x86.Build.0 = Release|Win32
	EndGlobalSection
	GlobalSection(SolutionProperties) = preSolution
		HideSolutionNode = FALSE
	EndGlobalSection
	GlobalSection(ExtensibilityGlobals) = postSolution
		SolutionGuid = {7474A366-8696-4884-9948-194DC49D7D5E}
	EndGlobalSection
EndGlobal
